# This file is automatically @generated by Cargo.
# It is not intended for manual editing.
version = 3

[[package]]
name = "bitflags"
version = "2.4.1"
source = "registry+https://github.com/rust-lang/crates.io-index"
checksum = "327762f6e5a765692301e5bb513e0d9fef63be86bbc14528052b1cd3e6f03e07"

[[package]]
name = "epoll"
version = "4.3.3"
source = "registry+https://github.com/rust-lang/crates.io-index"
checksum = "74351c3392ea1ff6cd2628e0042d268ac2371cb613252ff383b6dfa50d22fa79"
dependencies = [
 "bitflags",
 "libc",
]

[[package]]
name = "future-server"
version = "0.1.0"
dependencies = [
 "epoll",
]

[[package]]
name = "libc"
version = "0.2.151"
source = "registry+https://github.com/rust-lang/crates.io-index"
checksum = "302d7ab3130588088d277783b1e2d2e10c9e9e4a16dd9050e6ec93fb3e7048f4"
